<?xml version="1.0" encoding="utf-8"?>
<Project ToolsVersion="4.0" xmlns="http://schemas.microsoft.com/developer/msbuild/2003">
  <ItemGroup>
    <Filter Include="Sources">
      <UniqueIdentifier>{4FC737F1-C7A5-4376-A066-2A32D752A2FF}</UniqueIdentifier>
      <Extensions>cpp;c;cc;cxx;c++;cppm;ixx;def;odl;idl;hpj;bat;asm;asmx</Extensions>
    </Filter>
    <Filter Include="Config">
      <UniqueIdentifier>{21f24a47-3238-471f-9226-c8de22e16732}</UniqueIdentifier>
    </Filter>
    <Filter Include="Sources\Core %28 Core Layer %29">
      <UniqueIdentifier>{e9762f36-733c-4d81-b229-1c65d8823fc7}</UniqueIdentifier>
    </Filter>
    <Filter Include="Sources\Core %28 Core Layer %29\Base">
      <UniqueIdentifier>{8c67e31f-c303-411e-9b6f-c13eeb2153f2}</UniqueIdentifier>
    </Filter>
    <Filter Include="Sources\Core %28 Core Layer %29\Base\Container">
      <UniqueIdentifier>{82b0f3f9-f743-4ed6-bab6-4d63522af1c7}</UniqueIdentifier>
    </Filter>
    <Filter Include="Sources\Core %28 Core Layer %29\Base\Container\Detail">
      <UniqueIdentifier>{19d2946a-22be-4479-9437-a073d190ba8a}</UniqueIdentifier>
    </Filter>
    <Filter Include="Sources\Core %28 Core Layer %29\Base\Pattern">
      <UniqueIdentifier>{17811951-c492-4e4f-9971-4a8f8f3407d5}</UniqueIdentifier>
    </Filter>
    <Filter Include="Sources\Core %28 Core Layer %29\Base\Thread">
      <UniqueIdentifier>{a6af9c24-8632-4ee4-8ca4-9c1c0a26bea4}</UniqueIdentifier>
    </Filter>
    <Filter Include="Sources\Core %28 Core Layer %29\Base\Algorithm">
      <UniqueIdentifier>{7523c633-b46f-4196-8f0d-6b70e67ab553}</UniqueIdentifier>
    </Filter>
    <Filter Include="Sources\Core %28 Core Layer %29\Math">
      <UniqueIdentifier>{1aeafa3d-a9c3-46f2-80a3-61aab08013f8}</UniqueIdentifier>
    </Filter>
    <Filter Include="Sources\Asset %28 Resource Layer %29">
      <UniqueIdentifier>{5b49ab0f-b68a-4c4a-bd8a-0699d7e8f900}</UniqueIdentifier>
    </Filter>
    <Filter Include="Sources\Asset %28 Resource Layer %29\Meshlet">
      <UniqueIdentifier>{29dd225b-b99b-4661-899c-b5f89a9e68db}</UniqueIdentifier>
    </Filter>
    <Filter Include="Sources\Asset %28 Resource Layer %29\Meshlet\Loader">
      <UniqueIdentifier>{ba3c7133-4490-46c3-afbf-5adcf061ded8}</UniqueIdentifier>
    </Filter>
    <Filter Include="Sources\Asset %28 Resource Layer %29\Texture">
      <UniqueIdentifier>{2181bd83-c59d-4fd8-b7d8-52371452dc05}</UniqueIdentifier>
    </Filter>
    <Filter Include="Sources\Asset %28 Resource Layer %29\Texture\Loader">
      <UniqueIdentifier>{f0eb0fe6-89c9-439c-8b43-e41abdede8b5}</UniqueIdentifier>
    </Filter>
    <Filter Include="Sources\Asset %28 Resource Layer %29\Light">
      <UniqueIdentifier>{e09b1279-5dee-44c4-b585-dd26ce810418}</UniqueIdentifier>
    </Filter>
    <Filter Include="Sources\Asset %28 Resource Layer %29\Light\Loader">
      <UniqueIdentifier>{677d2551-684d-4a9f-b0f6-483eb028f0ed}</UniqueIdentifier>
    </Filter>
    <Filter Include="Sources\Asset %28 Resource Layer %29\Utility">
      <UniqueIdentifier>{2e9e7100-f0ee-4493-b292-26b66be59c43}</UniqueIdentifier>
    </Filter>
    <Filter Include="Sources\Asset %28 Resource Layer %29\Material">
      <UniqueIdentifier>{0ef6bd21-bc2d-4b05-a4d2-1c69e26d8ca6}</UniqueIdentifier>
    </Filter>
    <Filter Include="Sources\Asset %28 Resource Layer %29\Material\Loader">
      <UniqueIdentifier>{3e032c96-1809-40e1-8ac6-3ae20bd8003c}</UniqueIdentifier>
    </Filter>
    <Filter Include="Sources\Asset %28 Resource Layer %29\World">
      <UniqueIdentifier>{745fe15d-afd4-44ab-b133-16e767b49d93}</UniqueIdentifier>
    </Filter>
    <Filter Include="Sources\Asset %28 Resource Layer %29\World\Loader">
      <UniqueIdentifier>{1647faa3-7827-4275-89ad-2b81972f8823}</UniqueIdentifier>
    </Filter>
    <Filter Include="Sources\Asset %28 Resource Layer %29\Camera">
      <UniqueIdentifier>{92bcb097-26ea-4ad9-8ddc-fc2347c9b59c}</UniqueIdentifier>
    </Filter>
    <Filter Include="Sources\Engine %28 Function Layer %29">
      <UniqueIdentifier>{e3f3f84d-59af-4a9a-a7b6-76300638453f}</UniqueIdentifier>
    </Filter>
    <Filter Include="Sources\Engine %28 Function Layer %29\Renderer">
      <UniqueIdentifier>{284b8db4-b395-4628-8257-3713bfb4034d}</UniqueIdentifier>
    </Filter>
    <Filter Include="Sources\Engine %28 Function Layer %29\Render">
      <UniqueIdentifier>{2c28ef5f-f5e7-41d7-8c83-b6988512678b}</UniqueIdentifier>
    </Filter>
    <Filter Include="Sources\Engine %28 Function Layer %29\World">
      <UniqueIdentifier>{6962afd1-73d7-4eba-9f0d-cf015b6fdb98}</UniqueIdentifier>
    </Filter>
    <Filter Include="Sources\Editor %28 Tool Layer %29">
      <UniqueIdentifier>{a587955c-665a-4b35-b63b-b47c919fbda3}</UniqueIdentifier>
    </Filter>
    <Filter Include="Sources\Platform %28 Platform Layer %29">
      <UniqueIdentifier>{4cbb9f91-b481-40b3-a8dd-7ba78f855e5c}</UniqueIdentifier>
    </Filter>
    <Filter Include="Sources\Platform %28 Platform Layer %29\Windows">
      <UniqueIdentifier>{04d1dbed-4955-4957-b7aa-ed4496ddd026}</UniqueIdentifier>
    </Filter>
    <Filter Include="Sources\Platform %28 Platform Layer %29\Windows\D2D">
      <UniqueIdentifier>{b1187e73-732d-4841-8254-d6867564078a}</UniqueIdentifier>
    </Filter>
    <Filter Include="Sources\Platform %28 Platform Layer %29\Windows\Resources">
      <UniqueIdentifier>{3ae67674-5a46-4190-a158-2cbd6089f873}</UniqueIdentifier>
    </Filter>
    <Filter Include="Sources\Engine %28 Function Layer %29\Input">
      <UniqueIdentifier>{7fece990-422f-4c0d-b134-22df98533fe1}</UniqueIdentifier>
    </Filter>
    <Filter Include="Sources\Engine %28 Function Layer %29\Component">
      <UniqueIdentifier>{797d5914-63df-4c32-90bf-f45330a451a3}</UniqueIdentifier>
    </Filter>
    <Filter Include="Sources\Engine %28 Function Layer %29\Shader">
      <UniqueIdentifier>{258508ea-cec5-4d4e-9e50-99ba0c8add78}</UniqueIdentifier>
    </Filter>
    <Filter Include="Sources\Editor %28 Tool Layer %29\TODO">
      <UniqueIdentifier>{e5587bef-4afe-4d76-a3ef-857a4c9e2f04}</UniqueIdentifier>
    </Filter>
    <Filter Include="Sources\Core %28 Core Layer %29\Base\Utility">
      <UniqueIdentifier>{b03a1fed-ebb7-4d01-a180-1fcbca5d39db}</UniqueIdentifier>
    </Filter>
    <Filter Include="Sources\Platform %28 Platform Layer %29\Windows\Utility">
      <UniqueIdentifier>{147d0dda-c9a8-4bd1-976c-4d6f420a85b6}</UniqueIdentifier>
    </Filter>
  </ItemGroup>
  <ItemGroup>
    <ClInclude Include="Sources\Engine.hpp" />
    <ClInclude Include="Sources\Common.hpp" />
    <ClInclude Include="Sources\Core\Base\Container\String.hpp">
      <Filter>Sources\Core %28 Core Layer %29\Base\Container</Filter>
    </ClInclude>
    <ClInclude Include="Sources\Core\Base\Container\Detail\String.hpp">
      <Filter>Sources\Core %28 Core Layer %29\Base\Container\Detail</Filter>
    </ClInclude>
    <ClInclude Include="Sources\Core\Base\Container\Array.hpp">
      <Filter>Sources\Core %28 Core Layer %29\Base\Container</Filter>
    </ClInclude>
    <ClInclude Include="Sources\Core\Base\Pattern\Delegate.hpp">
      <Filter>Sources\Core %28 Core Layer %29\Base\Pattern</Filter>
    </ClInclude>
    <ClInclude Include="Sources\Core\Base\Pattern\Singleton.hpp">
      <Filter>Sources\Core %28 Core Layer %29\Base\Pattern</Filter>
    </ClInclude>
    <ClInclude Include="Sources\Core\Base\Thread\RunnableTask.hpp">
      <Filter>Sources\Core %28 Core Layer %29\Base\Thread</Filter>
    </ClInclude>
    <ClInclude Include="Sources\Core\Base\Thread\ParallelFor.hpp">
      <Filter>Sources\Core %28 Core Layer %29\Base\Thread</Filter>
    </ClInclude>
    <ClInclude Include="Sources\Core\Base\Container\Bulkdata.hpp">
      <Filter>Sources\Core %28 Core Layer %29\Base\Container</Filter>
    </ClInclude>
    <ClInclude Include="Sources\Core\Math\Math.hpp">
      <Filter>Sources\Core %28 Core Layer %29\Math</Filter>
    </ClInclude>
    <ClInclude Include="Sources\Core\Math\Number.hpp">
      <Filter>Sources\Core %28 Core Layer %29\Math</Filter>
    </ClInclude>
    <ClInclude Include="Sources\Core\Math\SIMD.hpp">
      <Filter>Sources\Core %28 Core Layer %29\Math</Filter>
    </ClInclude>
    <ClInclude Include="Sources\Core\Base\Algorithm\KahanSummation.hpp">
      <Filter>Sources\Core %28 Core Layer %29\Base\Algorithm</Filter>
    </ClInclude>
    <ClInclude Include="Sources\Asset\Texture\Texture.hpp">
      <Filter>Sources\Asset %28 Resource Layer %29\Texture</Filter>
    </ClInclude>
    <ClInclude Include="Sources\Asset\Texture\Loader\TextureLoader.hpp">
      <Filter>Sources\Asset %28 Resource Layer %29\Texture\Loader</Filter>
    </ClInclude>
    <ClInclude Include="Sources\Asset\Texture\Loader\TextureLoaderLibrary.hpp">
      <Filter>Sources\Asset %28 Resource Layer %29\Texture\Loader</Filter>
    </ClInclude>
    <ClInclude Include="Sources\Asset\Texture\Loader\WICTextureLoader.hpp">
      <Filter>Sources\Asset %28 Resource Layer %29\Texture\Loader</Filter>
    </ClInclude>
    <ClInclude Include="Sources\Engine\Render\ShadingTexture.hpp">
      <Filter>Sources\Engine %28 Function Layer %29\Render</Filter>
    </ClInclude>
    <ClInclude Include="Sources\Engine\Render\ShadingPixel.hpp">
      <Filter>Sources\Engine %28 Function Layer %29\Render</Filter>
    </ClInclude>
    <ClInclude Include="Sources\Asset\Utility\LoaderUitlity.hpp">
      <Filter>Sources\Asset %28 Resource Layer %29\Utility</Filter>
    </ClInclude>
    <ClInclude Include="Sources\Engine\Render\ShadingMaterial.hpp">
      <Filter>Sources\Engine %28 Function Layer %29\Render</Filter>
    </ClInclude>
    <ClInclude Include="Sources\Engine\Render\ShadingMeshlet.hpp">
      <Filter>Sources\Engine %28 Function Layer %29\Render</Filter>
    </ClInclude>
    <ClInclude Include="Sources\Asset\Meshlet\Meshlet.hpp">
      <Filter>Sources\Asset %28 Resource Layer %29\Meshlet</Filter>
    </ClInclude>
    <ClInclude Include="Sources\Asset\Meshlet\Polygon.hpp">
      <Filter>Sources\Asset %28 Resource Layer %29\Meshlet</Filter>
    </ClInclude>
    <ClInclude Include="Sources\Asset\Meshlet\Loader\MeshLoader.hpp">
      <Filter>Sources\Asset %28 Resource Layer %29\Meshlet\Loader</Filter>
    </ClInclude>
    <ClInclude Include="Sources\Asset\Meshlet\Loader\MeshLoaderLibrary.hpp">
      <Filter>Sources\Asset %28 Resource Layer %29\Meshlet\Loader</Filter>
    </ClInclude>
    <ClInclude Include="Sources\Asset\Meshlet\Loader\OBJMeshLoader.hpp">
      <Filter>Sources\Asset %28 Resource Layer %29\Meshlet\Loader</Filter>
    </ClInclude>
    <ClInclude Include="Sources\Asset\Material\Material.hpp">
      <Filter>Sources\Asset %28 Resource Layer %29\Material</Filter>
    </ClInclude>
    <ClInclude Include="Sources\Engine\Render\ShadingLight.hpp">
      <Filter>Sources\Engine %28 Function Layer %29\Render</Filter>
    </ClInclude>
    <ClInclude Include="Sources\Asset\World\World.hpp">
      <Filter>Sources\Asset %28 Resource Layer %29\World</Filter>
    </ClInclude>
    <ClInclude Include="Sources\Asset\Camera\Camera.hpp">
      <Filter>Sources\Asset %28 Resource Layer %29\Camera</Filter>
    </ClInclude>
    <ClInclude Include="Sources\Engine\World\RenderWorld.hpp">
      <Filter>Sources\Engine %28 Function Layer %29\World</Filter>
    </ClInclude>
    <ClInclude Include="Sources\Asset\World\Loader\WorldLoaderLibrary.hpp">
      <Filter>Sources\Asset %28 Resource Layer %29\World\Loader</Filter>
    </ClInclude>
    <ClInclude Include="Sources\Engine\Render\ShadingPolygon.hpp">
      <Filter>Sources\Engine %28 Function Layer %29\Render</Filter>
    </ClInclude>
    <ClInclude Include="Sources\Engine\Renderer\Rasterizer.hpp">
      <Filter>Sources\Engine %28 Function Layer %29\Renderer</Filter>
    </ClInclude>
    <ClInclude Include="Sources\Engine\Render\RenderTarget.hpp">
      <Filter>Sources\Engine %28 Function Layer %29\Render</Filter>
    </ClInclude>
    <ClInclude Include="Sources\Engine\Render\RenderVisibilityBuffer.hpp">
      <Filter>Sources\Engine %28 Function Layer %29\Render</Filter>
    </ClInclude>
    <ClInclude Include="Sources\Platform\Windows\D2DApp.hpp">
      <Filter>Sources\Platform %28 Platform Layer %29\Windows\D2D</Filter>
    </ClInclude>
    <ClInclude Include="Sources\Platform\Windows\resource.h">
      <Filter>Sources\Platform %28 Platform Layer %29\Windows\Resources</Filter>
    </ClInclude>
    <ClInclude Include="Sources\Platform\Windows\WindowsTargetVersion.h">
      <Filter>Sources\Platform %28 Platform Layer %29\Windows\Resources</Filter>
    </ClInclude>
    <ClInclude Include="Sources\Engine\Input\InputSystem.hpp">
      <Filter>Sources\Engine %28 Function Layer %29\Input</Filter>
    </ClInclude>
    <ClInclude Include="Sources\Engine\Component\CameraComponent.hpp">
      <Filter>Sources\Engine %28 Function Layer %29\Component</Filter>
    </ClInclude>
    <ClInclude Include="Sources\Engine\Render\ShadingCamera.hpp">
      <Filter>Sources\Engine %28 Function Layer %29\Render</Filter>
    </ClInclude>
    <ClInclude Include="Sources\Engine\Component\PointLightComponent.hpp">
      <Filter>Sources\Engine %28 Function Layer %29\Component</Filter>
    </ClInclude>
    <ClInclude Include="Sources\Engine\Component\MeshletComponent.hpp">
      <Filter>Sources\Engine %28 Function Layer %29\Component</Filter>
    </ClInclude>
    <ClInclude Include="Sources\Engine\Shader\FragmentShader.hpp">
      <Filter>Sources\Engine %28 Function Layer %29\Shader</Filter>
    </ClInclude>
    <ClInclude Include="Sources\Engine\Shader\VertexShader.hpp">
      <Filter>Sources\Engine %28 Function Layer %29\Shader</Filter>
    </ClInclude>
    <ClInclude Include="Sources\Core\Math\Color.hpp">
      <Filter>Sources\Core %28 Core Layer %29\Math</Filter>
    </ClInclude>
    <ClInclude Include="Sources\Core\Math\Matrix.hpp">
      <Filter>Sources\Core %28 Core Layer %29\Math</Filter>
    </ClInclude>
    <ClInclude Include="Sources\Core\Math\Rotator.hpp">
      <Filter>Sources\Core %28 Core Layer %29\Math</Filter>
    </ClInclude>
    <ClInclude Include="Sources\Asset\Light\Light.hpp">
      <Filter>Sources\Asset %28 Resource Layer %29\Light</Filter>
    </ClInclude>
  </ItemGroup>
  <ItemGroup>
    <ClCompile Include="Sources\Engine.cpp" />
    <ClCompile Include="Sources\Main.cpp" />
    <ClCompile Include="Sources\Asset\Texture\Loader\TextureLoaderLibrary.cpp">
      <Filter>Sources\Asset %28 Resource Layer %29\Texture\Loader</Filter>
    </ClCompile>
    <ClCompile Include="Sources\Asset\Texture\Loader\WICTextureLoader.cpp">
      <Filter>Sources\Asset %28 Resource Layer %29\Texture\Loader</Filter>
    </ClCompile>
    <ClCompile Include="Sources\Asset\Meshlet\Loader\MeshLoaderLibrary.cpp">
      <Filter>Sources\Asset %28 Resource Layer %29\Meshlet\Loader</Filter>
    </ClCompile>
    <ClCompile Include="Sources\Asset\Meshlet\Loader\OBJMeshLoader.cpp">
      <Filter>Sources\Asset %28 Resource Layer %29\Meshlet\Loader</Filter>
    </ClCompile>
    <ClCompile Include="Sources\Asset\World\Loader\WorldLoaderLibrary.cpp">
      <Filter>Sources\Asset %28 Resource Layer %29\World\Loader</Filter>
    </ClCompile>
    <ClCompile Include="Sources\Engine\World\RenderWorld.cpp">
      <Filter>Sources\Engine %28 Function Layer %29\World</Filter>
    </ClCompile>
    <ClCompile Include="Sources\Engine\Renderer\Rasterizer.cpp">
      <Filter>Sources\Engine %28 Function Layer %29\Renderer</Filter>
    </ClCompile>
    <ClCompile Include="Sources\Engine\Render\RenderGeometryBuffer.hpp">
      <Filter>Sources\Engine %28 Function Layer %29\Render</Filter>
    </ClCompile>
    <ClCompile Include="Sources\Platform\Windows\D2DApp.cpp">
      <Filter>Sources\Platform %28 Platform Layer %29\Windows\D2D</Filter>
    </ClCompile>
    <ClCompile Include="Sources\Engine\Input\InputSystem.cpp">
      <Filter>Sources\Engine %28 Function Layer %29\Input</Filter>
    </ClCompile>
    <ClCompile Include="Sources\Engine\Component\CameraComponent.cpp">
      <Filter>Sources\Engine %28 Function Layer %29\Component</Filter>
    </ClCompile>
    <ClCompile Include="Sources\Engine\Component\PointLightComponent.cpp">
      <Filter>Sources\Engine %28 Function Layer %29\Component</Filter>
    </ClCompile>
    <ClCompile Include="Sources\Engine\Component\MeshletComponent.cpp">
      <Filter>Sources\Engine %28 Function Layer %29\Component</Filter>
    </ClCompile>
    <ClCompile Include="Sources\Engine\Shader\FragmentShader.cpp">
      <Filter>Sources\Engine %28 Function Layer %29\Shader</Filter>
    </ClCompile>
    <ClCompile Include="Sources\Engine\Shader\VertexShader.cpp">
      <Filter>Sources\Engine %28 Function Layer %29\Shader</Filter>
    </ClCompile>
    <ClCompile Include="Sources\Platform\Windows\Timer.hpp">
      <Filter>Sources\Platform %28 Platform Layer %29\Windows\Utility</Filter>
    </ClCompile>
  </ItemGroup>
  <ItemGroup>
    <None Include="cpp.hint">
      <Filter>Config</Filter>
    </None>
  </ItemGroup>
  <ItemGroup>
    <Image Include="Sources\Platform\Windows\FreezeRender.ico">
      <Filter>Sources\Platform %28 Platform Layer %29\Windows\Resources</Filter>
    </Image>
    <Image Include="Sources\Platform\Windows\small.ico">
      <Filter>Sources\Platform %28 Platform Layer %29\Windows\Resources</Filter>
    </Image>
  </ItemGroup>
  <ItemGroup>
    <ResourceCompile Include="Sources\Platform\Windows\FreezeRender.rc">
      <Filter>Sources\Platform %28 Platform Layer %29\Windows\Resources</Filter>
    </ResourceCompile>
  </ItemGroup>
</Project>